Microsoft Visual Studio Solution File, Format Version 12.00
# Visual Studio 14
Project("{8BC9CEB8-8B4A-11D0-8D11-00A0C91BC942}") = "ALL_BUILD", "ALL_BUILD.vcxproj", "{9569E125-649C-3C19-91C0-0247C93AB317}"
	ProjectSection(ProjectDependencies) = postProject
		{006EABE5-0BDB-3606-B589-D1C057C140C3} = {006EABE5-0BDB-3606-B589-D1C057C140C3}
		{FE2B2452-CCE6-39D5-9652-6F3B4101E858} = {FE2B2452-CCE6-39D5-9652-6F3B4101E858}
		{46394423-7E8D-366A-979D-12178DEE83DB} = {46394423-7E8D-366A-979D-12178DEE83DB}
		{C1D76336-22E7-3418-8332-C8B5991048C2} = {C1D76336-22E7-3418-8332-C8B5991048C2}
		{682E2F4D-DF47-3354-961B-809109D04E51} = {682E2F4D-DF47-3354-961B-809109D04E51}
	EndProjectSection
EndProject
Project("{8BC9CEB8-8B4A-11D0-8D11-00A0C91BC942}") = "INSTALL", "INSTALL.vcxproj", "{3446699F-5331-31BB-A19A-89781787FA50}"
	ProjectSection(ProjectDependencies) = postProject
		{9569E125-649C-3C19-91C0-0247C93AB317} = {9569E125-649C-3C19-91C0-0247C93AB317}
		{006EABE5-0BDB-3606-B589-D1C057C140C3} = {006EABE5-0BDB-3606-B589-D1C057C140C3}
	EndProjectSection
EndProject
Project("{8BC9CEB8-8B4A-11D0-8D11-00A0C91BC942}") = "ZERO_CHECK", "ZERO_CHECK.vcxproj", "{006EABE5-0BDB-3606-B589-D1C057C140C3}"
	ProjectSection(ProjectDependencies) = postProject
	EndProjectSection
EndProject
Project("{8BC9CEB8-8B4A-11D0-8D11-00A0C91BC942}") = "fctest", "feature_se\fctest.vcxproj", "{2E6FD40A-113D-394F-8FDE-3C3D80CC9EE5}"
	ProjectSection(ProjectDependencies) = postProject
		{006EABE5-0BDB-3606-B589-D1C057C140C3} = {006EABE5-0BDB-3606-B589-D1C057C140C3}
	EndProjectSection
EndProject
Project("{8BC9CEB8-8B4A-11D0-8D11-00A0C91BC942}") = "fctest2", "feature_se\fctest2.vcxproj", "{FE752DDD-7923-3B64-9011-603F2387E006}"
	ProjectSection(ProjectDependencies) = postProject
		{006EABE5-0BDB-3606-B589-D1C057C140C3} = {006EABE5-0BDB-3606-B589-D1C057C140C3}
	EndProjectSection
EndProject
Project("{8BC9CEB8-8B4A-11D0-8D11-00A0C91BC942}") = "fse_cas", "feature_se\fse_cas.vcxproj", "{FE2B2452-CCE6-39D5-9652-6F3B4101E858}"
	ProjectSection(ProjectDependencies) = postProject
		{006EABE5-0BDB-3606-B589-D1C057C140C3} = {006EABE5-0BDB-3606-B589-D1C057C140C3}
	EndProjectSection
EndProject
Project("{8BC9CEB8-8B4A-11D0-8D11-00A0C91BC942}") = "fse_cas_jni", "jni\fse_cas_jni.vcxproj", "{46394423-7E8D-366A-979D-12178DEE83DB}"
	ProjectSection(ProjectDependencies) = postProject
		{006EABE5-0BDB-3606-B589-D1C057C140C3} = {006EABE5-0BDB-3606-B589-D1C057C140C3}
		{682E2F4D-DF47-3354-961B-809109D04E51} = {682E2F4D-DF47-3354-961B-809109D04E51}
	EndProjectSection
EndProject
Project("{8BC9CEB8-8B4A-11D0-8D11-00A0C91BC942}") = "fse_cas_static", "feature_se\fse_cas_static.vcxproj", "{C1D76336-22E7-3418-8332-C8B5991048C2}"
	ProjectSection(ProjectDependencies) = postProject
		{006EABE5-0BDB-3606-B589-D1C057C140C3} = {006EABE5-0BDB-3606-B589-D1C057C140C3}
	EndProjectSection
EndProject
Project("{8BC9CEB8-8B4A-11D0-8D11-00A0C91BC942}") = "fse_cas_static_mt", "feature_se\fse_cas_static_mt.vcxproj", "{682E2F4D-DF47-3354-961B-809109D04E51}"
	ProjectSection(ProjectDependencies) = postProject
		{006EABE5-0BDB-3606-B589-D1C057C140C3} = {006EABE5-0BDB-3606-B589-D1C057C140C3}
	EndProjectSection
EndProject
Global
	GlobalSection(SolutionConfigurationPlatforms) = preSolution
		Debug|x64 = Debug|x64
		Release|x64 = Release|x64
		MinSizeRel|x64 = MinSizeRel|x64
		RelWithDebInfo|x64 = RelWithDebInfo|x64
	EndGlobalSection
	GlobalSection(ProjectConfigurationPlatforms) = postSolution
		{9569E125-649C-3C19-91C0-0247C93AB317}.Debug|x64.ActiveCfg = Debug|x64
		{9569E125-649C-3C19-91C0-0247C93AB317}.Debug|x64.Build.0 = Debug|x64
		{9569E125-649C-3C19-91C0-0247C93AB317}.Release|x64.ActiveCfg = Release|x64
		{9569E125-649C-3C19-91C0-0247C93AB317}.Release|x64.Build.0 = Release|x64
		{9569E125-649C-3C19-91C0-0247C93AB317}.MinSizeRel|x64.ActiveCfg = MinSizeRel|x64
		{9569E125-649C-3C19-91C0-0247C93AB317}.MinSizeRel|x64.Build.0 = MinSizeRel|x64
		{9569E125-649C-3C19-91C0-0247C93AB317}.RelWithDebInfo|x64.ActiveCfg = RelWithDebInfo|x64
		{9569E125-649C-3C19-91C0-0247C93AB317}.RelWithDebInfo|x64.Build.0 = RelWithDebInfo|x64
		{3446699F-5331-31BB-A19A-89781787FA50}.Debug|x64.ActiveCfg = Debug|x64
		{3446699F-5331-31BB-A19A-89781787FA50}.Release|x64.ActiveCfg = Release|x64
		{3446699F-5331-31BB-A19A-89781787FA50}.MinSizeRel|x64.ActiveCfg = MinSizeRel|x64
		{3446699F-5331-31BB-A19A-89781787FA50}.RelWithDebInfo|x64.ActiveCfg = RelWithDebInfo|x64
		{006EABE5-0BDB-3606-B589-D1C057C140C3}.Debug|x64.ActiveCfg = Debug|x64
		{006EABE5-0BDB-3606-B589-D1C057C140C3}.Debug|x64.Build.0 = Debug|x64
		{006EABE5-0BDB-3606-B589-D1C057C140C3}.Release|x64.ActiveCfg = Release|x64
		{006EABE5-0BDB-3606-B589-D1C057C140C3}.Release|x64.Build.0 = Release|x64
		{006EABE5-0BDB-3606-B589-D1C057C140C3}.MinSizeRel|x64.ActiveCfg = MinSizeRel|x64
		{006EABE5-0BDB-3606-B589-D1C057C140C3}.MinSizeRel|x64.Build.0 = MinSizeRel|x64
		{006EABE5-0BDB-3606-B589-D1C057C140C3}.RelWithDebInfo|x64.ActiveCfg = RelWithDebInfo|x64
		{006EABE5-0BDB-3606-B589-D1C057C140C3}.RelWithDebInfo|x64.Build.0 = RelWithDebInfo|x64
		{2E6FD40A-113D-394F-8FDE-3C3D80CC9EE5}.Debug|x64.ActiveCfg = Debug|x64
		{2E6FD40A-113D-394F-8FDE-3C3D80CC9EE5}.Debug|x64.Build.0 = Debug|x64
		{2E6FD40A-113D-394F-8FDE-3C3D80CC9EE5}.Release|x64.ActiveCfg = Release|x64
		{2E6FD40A-113D-394F-8FDE-3C3D80CC9EE5}.Release|x64.Build.0 = Release|x64
		{2E6FD40A-113D-394F-8FDE-3C3D80CC9EE5}.MinSizeRel|x64.ActiveCfg = MinSizeRel|x64
		{2E6FD40A-113D-394F-8FDE-3C3D80CC9EE5}.MinSizeRel|x64.Build.0 = MinSizeRel|x64
		{2E6FD40A-113D-394F-8FDE-3C3D80CC9EE5}.RelWithDebInfo|x64.ActiveCfg = RelWithDebInfo|x64
		{2E6FD40A-113D-394F-8FDE-3C3D80CC9EE5}.RelWithDebInfo|x64.Build.0 = RelWithDebInfo|x64
		{FE752DDD-7923-3B64-9011-603F2387E006}.Debug|x64.ActiveCfg = Debug|x64
		{FE752DDD-7923-3B64-9011-603F2387E006}.Debug|x64.Build.0 = Debug|x64
		{FE752DDD-7923-3B64-9011-603F2387E006}.Release|x64.ActiveCfg = Release|x64
		{FE752DDD-7923-3B64-9011-603F2387E006}.Release|x64.Build.0 = Release|x64
		{FE752DDD-7923-3B64-9011-603F2387E006}.MinSizeRel|x64.ActiveCfg = MinSizeRel|x64
		{FE752DDD-7923-3B64-9011-603F2387E006}.MinSizeRel|x64.Build.0 = MinSizeRel|x64
		{FE752DDD-7923-3B64-9011-603F2387E006}.RelWithDebInfo|x64.ActiveCfg = RelWithDebInfo|x64
		{FE752DDD-7923-3B64-9011-603F2387E006}.RelWithDebInfo|x64.Build.0 = RelWithDebInfo|x64
		{FE2B2452-CCE6-39D5-9652-6F3B4101E858}.Debug|x64.ActiveCfg = Debug|x64
		{FE2B2452-CCE6-39D5-9652-6F3B4101E858}.Debug|x64.Build.0 = Debug|x64
		{FE2B2452-CCE6-39D5-9652-6F3B4101E858}.Release|x64.ActiveCfg = Release|x64
		{FE2B2452-CCE6-39D5-9652-6F3B4101E858}.Release|x64.Build.0 = Release|x64
		{FE2B2452-CCE6-39D5-9652-6F3B4101E858}.MinSizeRel|x64.ActiveCfg = MinSizeRel|x64
		{FE2B2452-CCE6-39D5-9652-6F3B4101E858}.MinSizeRel|x64.Build.0 = MinSizeRel|x64
		{FE2B2452-CCE6-39D5-9652-6F3B4101E858}.RelWithDebInfo|x64.ActiveCfg = RelWithDebInfo|x64
		{FE2B2452-CCE6-39D5-9652-6F3B4101E858}.RelWithDebInfo|x64.Build.0 = RelWithDebInfo|x64
		{46394423-7E8D-366A-979D-12178DEE83DB}.Debug|x64.ActiveCfg = Debug|x64
		{46394423-7E8D-366A-979D-12178DEE83DB}.Debug|x64.Build.0 = Debug|x64
		{46394423-7E8D-366A-979D-12178DEE83DB}.Release|x64.ActiveCfg = Release|x64
		{46394423-7E8D-366A-979D-12178DEE83DB}.Release|x64.Build.0 = Release|x64
		{46394423-7E8D-366A-979D-12178DEE83DB}.MinSizeRel|x64.ActiveCfg = MinSizeRel|x64
		{46394423-7E8D-366A-979D-12178DEE83DB}.MinSizeRel|x64.Build.0 = MinSizeRel|x64
		{46394423-7E8D-366A-979D-12178DEE83DB}.RelWithDebInfo|x64.ActiveCfg = RelWithDebInfo|x64
		{46394423-7E8D-366A-979D-12178DEE83DB}.RelWithDebInfo|x64.Build.0 = RelWithDebInfo|x64
		{C1D76336-22E7-3418-8332-C8B5991048C2}.Debug|x64.ActiveCfg = Debug|x64
		{C1D76336-22E7-3418-8332-C8B5991048C2}.Debug|x64.Build.0 = Debug|x64
		{C1D76336-22E7-3418-8332-C8B5991048C2}.Release|x64.ActiveCfg = Release|x64
		{C1D76336-22E7-3418-8332-C8B5991048C2}.Release|x64.Build.0 = Release|x64
		{C1D76336-22E7-3418-8332-C8B5991048C2}.MinSizeRel|x64.ActiveCfg = MinSizeRel|x64
		{C1D76336-22E7-3418-8332-C8B5991048C2}.MinSizeRel|x64.Build.0 = MinSizeRel|x64
		{C1D76336-22E7-3418-8332-C8B5991048C2}.RelWithDebInfo|x64.ActiveCfg = RelWithDebInfo|x64
		{C1D76336-22E7-3418-8332-C8B5991048C2}.RelWithDebInfo|x64.Build.0 = RelWithDebInfo|x64
		{682E2F4D-DF47-3354-961B-809109D04E51}.Debug|x64.ActiveCfg = Debug|x64
		{682E2F4D-DF47-3354-961B-809109D04E51}.Debug|x64.Build.0 = Debug|x64
		{682E2F4D-DF47-3354-961B-809109D04E51}.Release|x64.ActiveCfg = Release|x64
		{682E2F4D-DF47-3354-961B-809109D04E51}.Release|x64.Build.0 = Release|x64
		{682E2F4D-DF47-3354-961B-809109D04E51}.MinSizeRel|x64.ActiveCfg = MinSizeRel|x64
		{682E2F4D-DF47-3354-961B-809109D04E51}.MinSizeRel|x64.Build.0 = MinSizeRel|x64
		{682E2F4D-DF47-3354-961B-809109D04E51}.RelWithDebInfo|x64.ActiveCfg = RelWithDebInfo|x64
		{682E2F4D-DF47-3354-961B-809109D04E51}.RelWithDebInfo|x64.Build.0 = RelWithDebInfo|x64
	EndGlobalSection
	GlobalSection(ExtensibilityGlobals) = postSolution
	EndGlobalSection
	GlobalSection(ExtensibilityAddIns) = postSolution
	EndGlobalSection
EndGlobal
