<?xml version="1.0" encoding="UTF-8"?>
<Project ToolsVersion="14.0" xmlns="http://schemas.microsoft.com/developer/msbuild/2003">
  <ItemGroup>
    <CustomBuild Include="J:\feature_se\project.vs2015\CMakeFiles\40ea2e58bfb8934dcfd1dee7a90fba83\INSTALL_force.rule">
      <Filter>CMake Rules</Filter>
    </CustomBuild>
  </ItemGroup>
  <ItemGroup>
    <Filter Include="CMake Rules">
      <UniqueIdentifier>{32DC7262-3362-3D85-B3B2-BEED0E78EC56}</UniqueIdentifier>
    </Filter>
  </ItemGroup>
</Project>
